
Microsoft Visual Studio Solution File, Format Version 12.00
# Visual Studio Version 17
VisualStudioVersion = 17.4.33122.133
MinimumVisualStudioVersion = 10.0.40219.1
Project("{FAE04EC0-301F-11D3-BF4B-00C04F79EFBC}") = "Control_Robot_AS200", "WindowsFormsApp4\Control_Robot_AS200.csproj", "{E0E7D16E-7D3A-49A6-8E0C-196E2C461B1C}"
EndProject
Global
	GlobalSection(SolutionConfigurationPlatforms) = preSolution
		Debug|Any CPU = Debug|Any CPU
		Release|Any CPU = Release|Any CPU
	EndGlobalSection
	GlobalSection(ProjectConfigurationPlatforms) = postSolution
		{E0E7D16E-7D3A-49A6-8E0C-196E2C461B1C}.Debug|Any CPU.ActiveCfg = Debug|Any CPU
		{E0E7D16E-7D3A-49A6-8E0C-196E2C461B1C}.Debug|Any CPU.Build.0 = Debug|Any CPU
		{E0E7D16E-7D3A-49A6-8E0C-196E2C461B1C}.Release|Any CPU.ActiveCfg = Release|Any CPU
		{E0E7D16E-7D3A-49A6-8E0C-196E2C461B1C}.Release|Any CPU.Build.0 = Release|Any CPU
	EndGlobalSection
	GlobalSection(SolutionProperties) = preSolution
		HideSolutionNode = FALSE
	EndGlobalSection
	GlobalSection(ExtensibilityGlobals) = postSolution
		SolutionGuid = {8E0CB9F1-3225-4B55-9BFA-81C215FAFBC4}
	EndGlobalSection
EndGlobal
